// !$*UTF8*$!
{
	archiveVersion = 1;
	classes = {
	};
	objectVersion = 56;
	objects = {

/* Begin PBXBuildFile section */
		700E801D29809CBB0097FD4D /* AppDelegate.swift in Sources */ = {isa = PBXBuildFile; fileRef = 700E801C29809CBB0097FD4D /* AppDelegate.swift */; };
		700E801F29809CBB0097FD4D /* SceneDelegate.swift in Sources */ = {isa = PBXBuildFile; fileRef = 700E801E29809CBB0097FD4D /* SceneDelegate.swift */; };
		700E802129809CBB0097FD4D /* ViewController.swift in Sources */ = {isa = PBXBuildFile; fileRef = 700E802029809CBB0097FD4D /* ViewController.swift */; };
		700E802429809CBB0097FD4D /* Main.storyboard in Resources */ = {isa = PBXBuildFile; fileRef = 700E802229809CBB0097FD4D /* Main.storyboard */; };
		700E802729809CBB0097FD4D /* favoritePlaces_floreceann_C0851646.xcdatamodeld in Sources */ = {isa = PBXBuildFile; fileRef = 700E802529809CBB0097FD4D /* favoritePlaces_floreceann_C0851646.xcdatamodeld */; };
		700E802929809CBC0097FD4D /* Assets.xcassets in Resources */ = {isa = PBXBuildFile; fileRef = 700E802829809CBC0097FD4D /* Assets.xcassets */; };
		700E802C29809CBC0097FD4D /* LaunchScreen.storyboard in Resources */ = {isa = PBXBuildFile; fileRef = 700E802A29809CBC0097FD4D /* LaunchScreen.storyboard */; };
		700E803E2980A0BB0097FD4D /* PlaceTableViewSearchDelegate.swift in Sources */ = {isa = PBXBuildFile; fileRef = 700E803D2980A0BB0097FD4D /* PlaceTableViewSearchDelegate.swift */; };
		700E80402980A34E0097FD4D /* AddFavoritePlaceViewController.swift in Sources */ = {isa = PBXBuildFile; fileRef = 700E803F2980A34E0097FD4D /* AddFavoritePlaceViewController.swift */; };
		700E80422980A4890097FD4D /* LocationSearchTable.swift in Sources */ = {isa = PBXBuildFile; fileRef = 700E80412980A4890097FD4D /* LocationSearchTable.swift */; };
		700E80462980A74B0097FD4D /* Place.swift in Sources */ = {isa = PBXBuildFile; fileRef = 700E80452980A74B0097FD4D /* Place.swift */; };
/* End PBXBuildFile section */

/* Begin PBXFileReference section */
		700E801929809CBB0097FD4D /* favoritePlaces_floreceann_C0851646.app */ = {isa = PBXFileReference; explicitFileType = wrapper.application; includeInIndex = 0; path = favoritePlaces_floreceann_C0851646.app; sourceTree = BUILT_PRODUCTS_DIR; };
		700E801C29809CBB0097FD4D /* AppDelegate.swift */ = {isa = PBXFileReference; lastKnownFileType = sourcecode.swift; path = AppDelegate.swift; sourceTree = "<group>"; };
		700E801E29809CBB0097FD4D /* SceneDelegate.swift */ = {isa = PBXFileReference; lastKnownFileType = sourcecode.swift; path = SceneDelegate.swift; sourceTree = "<group>"; };
		700E802029809CBB0097FD4D /* ViewController.swift */ = {isa = PBXFileReference; lastKnownFileType = sourcecode.swift; path = ViewController.swift; sourceTree = "<group>"; };
		700E802329809CBB0097FD4D /* Base */ = {isa = PBXFileReference; lastKnownFileType = file.storyboard; name = Base; path = Base.lproj/Main.storyboard; sourceTree = "<group>"; };
		700E802629809CBB0097FD4D /* favoritePlaces_floreceann_C0851646.xcdatamodel */ = {isa = PBXFileReference; lastKnownFileType = wrapper.xcdatamodel; path = favoritePlaces_floreceann_C0851646.xcdatamodel; sourceTree = "<group>"; };
		700E802829809CBC0097FD4D /* Assets.xcassets */ = {isa = PBXFileReference; lastKnownFileType = folder.assetcatalog; path = Assets.xcassets; sourceTree = "<group>"; };
		700E802B29809CBC0097FD4D /* Base */ = {isa = PBXFileReference; lastKnownFileType = file.storyboard; name = Base; path = Base.lproj/LaunchScreen.storyboard; sourceTree = "<group>"; };
		700E802D29809CBC0097FD4D /* Info.plist */ = {isa = PBXFileReference; lastKnownFileType = text.plist.xml; path = Info.plist; sourceTree = "<group>"; };
		700E803D2980A0BB0097FD4D /* PlaceTableViewSearchDelegate.swift */ = {isa = PBXFileReference; lastKnownFileType = sourcecode.swift; path = PlaceTableViewSearchDelegate.swift; sourceTree = "<group>"; };
		700E803F2980A34E0097FD4D /* AddFavoritePlaceViewController.swift */ = {isa = PBXFileReference; lastKnownFileType = sourcecode.swift; path = AddFavoritePlaceViewController.swift; sourceTree = "<group>"; };
		700E80412980A4890097FD4D /* LocationSearchTable.swift */ = {isa = PBXFileReference; lastKnownFileType = sourcecode.swift; path = LocationSearchTable.swift; sourceTree = "<group>"; };
		700E80452980A74B0097FD4D /* Place.swift */ = {isa = PBXFileReference; lastKnownFileType = sourcecode.swift; path = Place.swift; sourceTree = "<group>"; };
/* End PBXFileReference section */

/* Begin PBXFrameworksBuildPhase section */
		700E801629809CBA0097FD4D /* Frameworks */ = {
			isa = PBXFrameworksBuildPhase;
			buildActionMask = 2147483647;
			files = (
			);
			runOnlyForDeploymentPostprocessing = 0;
		};
/* End PBXFrameworksBuildPhase section */

/* Begin PBXGroup section */
		700E801029809CBA0097FD4D = {
			isa = PBXGroup;
			children = (
				700E801B29809CBB0097FD4D /* favoritePlaces_floreceann_C0851646 */,
				700E801A29809CBB0097FD4D /* Products */,
			);
			sourceTree = "<group>";
		};
		700E801A29809CBB0097FD4D /* Products */ = {
			isa = PBXGroup;
			children = (
				700E801929809CBB0097FD4D /* favoritePlaces_floreceann_C0851646.app */,
			);
			name = Products;
			sourceTree = "<group>";
		};
		700E801B29809CBB0097FD4D /* favoritePlaces_floreceann_C0851646 */ = {
			isa = PBXGroup;
			children = (
				700E801C29809CBB0097FD4D /* AppDelegate.swift */,
				700E801E29809CBB0097FD4D /* SceneDelegate.swift */,
				700E802029809CBB0097FD4D /* ViewController.swift */,
				700E802229809CBB0097FD4D /* Main.storyboard */,
				700E802829809CBC0097FD4D /* Assets.xcassets */,
				700E802A29809CBC0097FD4D /* LaunchScreen.storyboard */,
				700E802D29809CBC0097FD4D /* Info.plist */,
				700E802529809CBB0097FD4D /* favoritePlaces_floreceann_C0851646.xcdatamodeld */,
				700E803D2980A0BB0097FD4D /* PlaceTableViewSearchDelegate.swift */,
				700E803F2980A34E0097FD4D /* AddFavoritePlaceViewController.swift */,
				700E80412980A4890097FD4D /* LocationSearchTable.swift */,
				700E80452980A74B0097FD4D /* Place.swift */,
			);
			path = favoritePlaces_floreceann_C0851646;
			sourceTree = "<group>";
		};
/* End PBXGroup section */

/* Begin PBXNativeTarget section */
		700E801829809CBA0097FD4D /* favoritePlaces_floreceann_C0851646 */ = {
			isa = PBXNativeTarget;
			buildConfigurationList = 700E803029809CBC0097FD4D /* Build configuration list for PBXNativeTarget "favoritePlaces_floreceann_C0851646" */;
			buildPhases = (
				700E801529809CBA0097FD4D /* Sources */,
				700E801629809CBA0097FD4D /* Frameworks */,
				700E801729809CBA0097FD4D /* Resources */,
			);
			buildRules = (
			);
			dependencies = (
			);
			name = favoritePlaces_floreceann_C0851646;
			productName = favoritePlaces_floreceann_C0851646;
			productReference = 700E801929809CBB0097FD4D /* favoritePlaces_floreceann_C0851646.app */;
			productType = "com.apple.product-type.application";
		};
/* End PBXNativeTarget section */

/* Begin PBXProject section */
		700E801129809CBA0097FD4D /* Project object */ = {
			isa = PBXProject;
			attributes = {
				BuildIndependentTargetsInParallel = 1;
				LastSwiftUpdateCheck = 1420;
				LastUpgradeCheck = 1420;
				TargetAttributes = {
					700E801829809CBA0097FD4D = {
						CreatedOnToolsVersion = 14.2;
					};
				};
			};
			buildConfigurationList = 700E801429809CBA0097FD4D /* Build configuration list for PBXProject "favoritePlaces_floreceann_C0851646" */;
			compatibilityVersion = "Xcode 14.0";
			developmentRegion = en;
			hasScannedForEncodings = 0;
			knownRegions = (
				en,
				Base,
			);
			mainGroup = 700E801029809CBA0097FD4D;
			productRefGroup = 700E801A29809CBB0097FD4D /* Products */;
			projectDirPath = "";
			projectRoot = "";
			targets = (
				700E801829809CBA0097FD4D /* favoritePlaces_floreceann_C0851646 */,
			);
		};
/* End PBXProject section */

/* Begin PBXResourcesBuildPhase section */
		700E801729809CBA0097FD4D /* Resources */ = {
			isa = PBXResourcesBuildPhase;
			buildActionMask = 2147483647;
			files = (
				700E802C29809CBC0097FD4D /* LaunchScreen.storyboard in Resources */,
				700E802929809CBC0097FD4D /* Assets.xcassets in Resources */,
				700E802429809CBB0097FD4D /* Main.storyboard in Resources */,
			);
			runOnlyForDeploymentPostprocessing = 0;
		};
/* End PBXResourcesBuildPhase section */

/* Begin PBXSourcesBuildPhase section */
		700E801529809CBA0097FD4D /* Sources */ = {
			isa = PBXSourcesBuildPhase;
			buildActionMask = 2147483647;
			files = (
				700E80422980A4890097FD4D /* LocationSearchTable.swift in Sources */,
				700E802129809CBB0097FD4D /* ViewController.swift in Sources */,
				700E803E2980A0BB0097FD4D /* PlaceTableViewSearchDelegate.swift in Sources */,
				700E80462980A74B0097FD4D /* Place.swift in Sources */,
				700E80402980A34E0097FD4D /* AddFavoritePlaceViewController.swift in Sources */,
				700E801D29809CBB0097FD4D /* AppDelegate.swift in Sources */,
				700E801F29809CBB0097FD4D /* SceneDelegate.swift in Sources */,
				700E802729809CBB0097FD4D /* favoritePlaces_floreceann_C0851646.xcdatamodeld in Sources */,
			);
			runOnlyForDeploymentPostprocessing = 0;
		};
/* End PBXSourcesBuildPhase section */

/* Begin PBXVariantGroup section */
		700E802229809CBB0097FD4D /* Main.storyboard */ = {
			isa = PBXVariantGroup;
			children = (
				700E802329809CBB0097FD4D /* Base */,
			);
			name = Main.storyboard;
			sourceTree = "<group>";
		};
		700E802A29809CBC0097FD4D /* LaunchScreen.storyboard */ = {
			isa = PBXVariantGroup;
			children = (
				700E802B29809CBC0097FD4D /* Base */,
			);
			name = LaunchScreen.storyboard;
			sourceTree = "<group>";
		};
/* End PBXVariantGroup section */

/* Begin XCBuildConfiguration section */
		700E802E29809CBC0097FD4D /* Debug */ = {
			isa = XCBuildConfiguration;
			buildSettings = {
				ALWAYS_SEARCH_USER_PATHS = NO;
				CLANG_ANALYZER_NONNULL = YES;
				CLANG_ANALYZER_NUMBER_OBJECT_CONVERSION = YES_AGGRESSIVE;
				CLANG_CXX_LANGUAGE_STANDARD = "gnu++20";
				CLANG_ENABLE_MODULES = YES;
				CLANG_ENABLE_OBJC_ARC = YES;
				CLANG_ENABLE_OBJC_WEAK = YES;
				CLANG_WARN_BLOCK_CAPTURE_AUTORELEASING = YES;
				CLANG_WARN_BOOL_CONVERSION = YES;
				CLANG_WARN_COMMA = YES;
				CLANG_WARN_CONSTANT_CONVERSION = YES;
				CLANG_WARN_DEPRECATED_OBJC_IMPLEMENTATIONS = YES;
				CLANG_WARN_DIRECT_OBJC_ISA_USAGE = YES_ERROR;
				CLANG_WARN_DOCUMENTATION_COMMENTS = YES;
				CLANG_WARN_EMPTY_BODY = YES;
				CLANG_WARN_ENUM_CONVERSION = YES;
				CLANG_WARN_INFINITE_RECURSION = YES;
				CLANG_WARN_INT_CONVERSION = YES;
				CLANG_WARN_NON_LITERAL_NULL_CONVERSION = YES;
				CLANG_WARN_OBJC_IMPLICIT_RETAIN_SELF = YES;
				CLANG_WARN_OBJC_LITERAL_CONVERSION = YES;
				CLANG_WARN_OBJC_ROOT_CLASS = YES_ERROR;
				CLANG_WARN_QUOTED_INCLUDE_IN_FRAMEWORK_HEADER = YES;
				CLANG_WARN_RANGE_LOOP_ANALYSIS = YES;
				CLANG_WARN_STRICT_PROTOTYPES = YES;
				CLANG_WARN_SUSPICIOUS_MOVE = YES;
				CLANG_WARN_UNGUARDED_AVAILABILITY = YES_AGGRESSIVE;
				CLANG_WARN_UNREACHABLE_CODE = YES;
				CLANG_WARN__DUPLICATE_METHOD_MATCH = YES;
				COPY_PHASE_STRIP = NO;
				DEBUG_INFORMATION_FORMAT = dwarf;
				ENABLE_STRICT_OBJC_MSGSEND = YES;
				ENABLE_TESTABILITY = YES;
				GCC_C_LANGUAGE_STANDARD = gnu11;
				GCC_DYNAMIC_NO_PIC = NO;
				GCC_NO_COMMON_BLOCKS = YES;
				GCC_OPTIMIZATION_LEVEL = 0;
				GCC_PREPROCESSOR_DEFINITIONS = (
					"DEBUG=1",
					"$(inherited)",
				);
				GCC_WARN_64_TO_32_BIT_CONVERSION = YES;
				GCC_WARN_ABOUT_RETURN_TYPE = YES_ERROR;
				GCC_WARN_UNDECLARED_SELECTOR = YES;
				GCC_WARN_UNINITIALIZED_AUTOS = YES_AGGRESSIVE;
				GCC_WARN_UNUSED_FUNCTION = YES;
				GCC_WARN_UNUSED_VARIABLE = YES;
				IPHONEOS_DEPLOYMENT_TARGET = 16.2;
				MTL_ENABLE_DEBUG_INFO = INCLUDE_SOURCE;
				MTL_FAST_MATH = YES;
				ONLY_ACTIVE_ARCH = YES;
				SDKROOT = iphoneos;
				SWIFT_ACTIVE_COMPILATION_CONDITIONS = DEBUG;
				SWIFT_OPTIMIZATION_LEVEL = "-Onone";
			};
			name = Debug;
		};
		700E802F29809CBC0097FD4D /* Release */ = {
			isa = XCBuildConfiguration;
			buildSettings = {
				ALWAYS_SEARCH_USER_PATHS = NO;
				CLANG_ANALYZER_NONNULL = YES;
				CLANG_ANALYZER_NUMBER_OBJECT_CONVERSION = YES_AGGRESSIVE;
				CLANG_CXX_LANGUAGE_STANDARD = "gnu++20";
				CLANG_ENABLE_MODULES = YES;
				CLANG_ENABLE_OBJC_ARC = YES;
				CLANG_ENABLE_OBJC_WEAK = YES;
				CLANG_WARN_BLOCK_CAPTURE_AUTORELEASING = YES;
				CLANG_WARN_BOOL_CONVERSION = YES;
				CLANG_WARN_COMMA = YES;
				CLANG_WARN_CONSTANT_CONVERSION = YES;
				CLANG_WARN_DEPRECATED_OBJC_IMPLEMENTATIONS = YES;
				CLANG_WARN_DIRECT_OBJC_ISA_USAGE = YES_ERROR;
				CLANG_WARN_DOCUMENTATION_COMMENTS = YES;
				CLANG_WARN_EMPTY_BODY = YES;
				CLANG_WARN_ENUM_CONVERSION = YES;
				CLANG_WARN_INFINITE_RECURSION = YES;
				CLANG_WARN_INT_CONVERSION = YES;
				CLANG_WARN_NON_LITERAL_NULL_CONVERSION = YES;
				CLANG_WARN_OBJC_IMPLICIT_RETAIN_SELF = YES;
				CLANG_WARN_OBJC_LITERAL_CONVERSION = YES;
				CLANG_WARN_OBJC_ROOT_CLASS = YES_ERROR;
				CLANG_WARN_QUOTED_INCLUDE_IN_FRAMEWORK_HEADER = YES;
				CLANG_WARN_RANGE_LOOP_ANALYSIS = YES;
				CLANG_WARN_STRICT_PROTOTYPES = YES;
				CLANG_WARN_SUSPICIOUS_MOVE = YES;
				CLANG_WARN_UNGUARDED_AVAILABILITY = YES_AGGRESSIVE;
				CLANG_WARN_UNREACHABLE_CODE = YES;
				CLANG_WARN__DUPLICATE_METHOD_MATCH = YES;
				COPY_PHASE_STRIP = NO;
				DEBUG_INFORMATION_FORMAT = "dwarf-with-dsym";
				ENABLE_NS_ASSERTIONS = NO;
				ENABLE_STRICT_OBJC_MSGSEND = YES;
				GCC_C_LANGUAGE_STANDARD = gnu11;
				GCC_NO_COMMON_BLOCKS = YES;
				GCC_WARN_64_TO_32_BIT_CONVERSION = YES;
				GCC_WARN_ABOUT_RETURN_TYPE = YES_ERROR;
				GCC_WARN_UNDECLARED_SELECTOR = YES;
				GCC_WARN_UNINITIALIZED_AUTOS = YES_AGGRESSIVE;
				GCC_WARN_UNUSED_FUNCTION = YES;
				GCC_WARN_UNUSED_VARIABLE = YES;
				IPHONEOS_DEPLOYMENT_TARGET = 16.2;
				MTL_ENABLE_DEBUG_INFO = NO;
				MTL_FAST_MATH = YES;
				SDKROOT = iphoneos;
				SWIFT_COMPILATION_MODE = wholemodule;
				SWIFT_OPTIMIZATION_LEVEL = "-O";
				VALIDATE_PRODUCT = YES;
			};
			name = Release;
		};
		700E803129809CBC0097FD4D /* Debug */ = {
			isa = XCBuildConfiguration;
			buildSettings = {
				ASSETCATALOG_COMPILER_APPICON_NAME = AppIcon;
				ASSETCATALOG_COMPILER_GLOBAL_ACCENT_COLOR_NAME = AccentColor;
				CODE_SIGN_STYLE = Automatic;
				CURRENT_PROJECT_VERSION = 1;
				GENERATE_INFOPLIST_FILE = YES;
				INFOPLIST_FILE = favoritePlaces_floreceann_C0851646/Info.plist;
				INFOPLIST_KEY_UIApplicationSupportsIndirectInputEvents = YES;
				INFOPLIST_KEY_UILaunchStoryboardName = LaunchScreen;
				INFOPLIST_KEY_UIMainStoryboardFile = Main;
				INFOPLIST_KEY_UISupportedInterfaceOrientations_iPad = "UIInterfaceOrientationPortrait UIInterfaceOrientationPortraitUpsideDown UIInterfaceOrientationLandscapeLeft UIInterfaceOrientationLandscapeRight";
				INFOPLIST_KEY_UISupportedInterfaceOrientations_iPhone = "UIInterfaceOrientationPortrait UIInterfaceOrientationLandscapeLeft UIInterfaceOrientationLandscapeRight";
				LD_RUNPATH_SEARCH_PATHS = (
					"$(inherited)",
					"@executable_path/Frameworks",
				);
				MARKETING_VERSION = 1.0;
				PRODUCT_BUNDLE_IDENTIFIER = "com.ann.favoritePlaces-floreceann-C0851646.favoritePlaces-floreceann-C0851646";
				PRODUCT_NAME = "$(TARGET_NAME)";
				SWIFT_EMIT_LOC_STRINGS = YES;
				SWIFT_VERSION = 5.0;
				TARGETED_DEVICE_FAMILY = "1,2";
			};
			name = Debug;
		};
		700E803229809CBC0097FD4D /* Release */ = {
			isa = XCBuildConfiguration;
			buildSettings = {
				ASSETCATALOG_COMPILER_APPICON_NAME = AppIcon;
				ASSETCATALOG_COMPILER_GLOBAL_ACCENT_COLOR_NAME = AccentColor;
				CODE_SIGN_STYLE = Automatic;
				CURRENT_PROJECT_VERSION = 1;
				GENERATE_INFOPLIST_FILE = YES;
				INFOPLIST_FILE = favoritePlaces_floreceann_C0851646/Info.plist;
				INFOPLIST_KEY_UIApplicationSupportsIndirectInputEvents = YES;
				INFOPLIST_KEY_UILaunchStoryboardName = LaunchScreen;
				INFOPLIST_KEY_UIMainStoryboardFile = Main;
				INFOPLIST_KEY_UISupportedInterfaceOrientations_iPad = "UIInterfaceOrientationPortrait UIInterfaceOrientationPortraitUpsideDown UIInterfaceOrientationLandscapeLeft UIInterfaceOrientationLandscapeRight";
				INFOPLIST_KEY_UISupportedInterfaceOrientations_iPhone = "UIInterfaceOrientationPortrait UIInterfaceOrientationLandscapeLeft UIInterfaceOrientationLandscapeRight";
				LD_RUNPATH_SEARCH_PATHS = (
					"$(inherited)",
					"@executable_path/Frameworks",
				);
				MARKETING_VERSION = 1.0;
				PRODUCT_BUNDLE_IDENTIFIER = "com.ann.favoritePlaces-floreceann-C0851646.favoritePlaces-floreceann-C0851646";
				PRODUCT_NAME = "$(TARGET_NAME)";
				SWIFT_EMIT_LOC_STRINGS = YES;
				SWIFT_VERSION = 5.0;
				TARGETED_DEVICE_FAMILY = "1,2";
			};
			name = Release;
		};
/* End XCBuildConfiguration section */

/* Begin XCConfigurationList section */
		700E801429809CBA0097FD4D /* Build configuration list for PBXProject "favoritePlaces_floreceann_C0851646" */ = {
			isa = XCConfigurationList;
			buildConfigurations = (
				700E802E29809CBC0097FD4D /* Debug */,
				700E802F29809CBC0097FD4D /* Release */,
			);
			defaultConfigurationIsVisible = 0;
			defaultConfigurationName = Release;
		};
		700E803029809CBC0097FD4D /* Build configuration list for PBXNativeTarget "favoritePlaces_floreceann_C0851646" */ = {
			isa = XCConfigurationList;
			buildConfigurations = (
				700E803129809CBC0097FD4D /* Debug */,
				700E803229809CBC0097FD4D /* Release */,
			);
			defaultConfigurationIsVisible = 0;
			defaultConfigurationName = Release;
		};
/* End XCConfigurationList section */

/* Begin XCVersionGroup section */
		700E802529809CBB0097FD4D /* favoritePlaces_floreceann_C0851646.xcdatamodeld */ = {
			isa = XCVersionGroup;
			children = (
				700E802629809CBB0097FD4D /* favoritePlaces_floreceann_C0851646.xcdatamodel */,
			);
			currentVersion = 700E802629809CBB0097FD4D /* favoritePlaces_floreceann_C0851646.xcdatamodel */;
			path = favoritePlaces_floreceann_C0851646.xcdatamodeld;
			sourceTree = "<group>";
			versionGroupType = wrapper.xcdatamodel;
		};
/* End XCVersionGroup section */
	};
	rootObject = 700E801129809CBA0097FD4D /* Project object */;
}
